
Microsoft Visual Studio Solution File, Format Version 12.00
# Visual Studio 2013
Project("{FAE04EC0-301F-11D3-BF4B-00C04F79EFBC}") = "Version1", "Version1\Version1.csproj", "{acc82eee-78a5-4334-a46d-2f0dbb3384fd}"
EndProject
Global
	GlobalSection(SolutionConfigurationPlatforms) = preSolution
		Debug|Any CPU = Debug|Any CPU
		Release|Any CPU = Release|Any CPU
	EndGlobalSection
	GlobalSection(ProjectConfigurationPlatforms) = postSolution
		{ACC82EEE-78A5-4334-A46D-2F0DBB3384FD}.Debug|Any CPU.ActiveCfg = Debug|Any CPU
		{ACC82EEE-78A5-4334-A46D-2F0DBB3384FD}.Debug|Any CPU.Build.0 = Debug|Any CPU
		{ACC82EEE-78A5-4334-A46D-2F0DBB3384FD}.Debug|Any CPU.Deploy.0 = Debug|Any CPU
		{ACC82EEE-78A5-4334-A46D-2F0DBB3384FD}.Release|Any CPU.ActiveCfg = Release|Any CPU
		{ACC82EEE-78A5-4334-A46D-2F0DBB3384FD}.Release|Any CPU.Build.0 = Release|Any CPU
		{ACC82EEE-78A5-4334-A46D-2F0DBB3384FD}.Release|Any CPU.Deploy.0 = Release|Any CPU
	EndGlobalSection
EndGlobal
